
Microsoft Visual Studio Solution File, Format Version 12.00
# Visual Studio Version 17
VisualStudioVersion = 17.11.35312.102
MinimumVisualStudioVersion = 10.0.40219.1
Project("{9A19103F-16F7-4668-BE54-9A1E7A4F7556}") = "LaxmiSunriseBank", "LaxmiSunriseBank.csproj", "{B61551D2-51EA-4404-9B81-C8DC106BF81B}"
EndProject
Project("{9A19103F-16F7-4668-BE54-9A1E7A4F7556}") = "TestAPI", "..\TestAPI\TestAPI.csproj", "{649DC234-7122-4248-9197-0A5DBE99B1C1}"
EndProject
Global
	GlobalSection(SolutionConfigurationPlatforms) = preSolution
		Debug|Any CPU = Debug|Any CPU
		Release|Any CPU = Release|Any CPU
	EndGlobalSection
	GlobalSection(ProjectConfigurationPlatforms) = postSolution
		{B61551D2-51EA-4404-9B81-C8DC106BF81B}.Debug|Any CPU.ActiveCfg = Debug|Any CPU
		{B61551D2-51EA-4404-9B81-C8DC106BF81B}.Debug|Any CPU.Build.0 = Debug|Any CPU
		{B61551D2-51EA-4404-9B81-C8DC106BF81B}.Release|Any CPU.ActiveCfg = Release|Any CPU
		{B61551D2-51EA-4404-9B81-C8DC106BF81B}.Release|Any CPU.Build.0 = Release|Any CPU
		{649DC234-7122-4248-9197-0A5DBE99B1C1}.Debug|Any CPU.ActiveCfg = Debug|Any CPU
		{649DC234-7122-4248-9197-0A5DBE99B1C1}.Debug|Any CPU.Build.0 = Debug|Any CPU
		{649DC234-7122-4248-9197-0A5DBE99B1C1}.Release|Any CPU.ActiveCfg = Release|Any CPU
		{649DC234-7122-4248-9197-0A5DBE99B1C1}.Release|Any CPU.Build.0 = Release|Any CPU
	EndGlobalSection
	GlobalSection(SolutionProperties) = preSolution
		HideSolutionNode = FALSE
	EndGlobalSection
	GlobalSection(ExtensibilityGlobals) = postSolution
		SolutionGuid = {97F757F2-4C7D-45D7-8957-C6918C1D66AB}
	EndGlobalSection
EndGlobal
